
Microsoft Visual Studio Solution File, Format Version 12.00
# Visual Studio Version 16
VisualStudioVersion = 16.0.30907.101
MinimumVisualStudioVersion = 10.0.40219.1
Project("{FAE04EC0-301F-11D3-BF4B-00C04F79EFBC}") = "Lab02", "Lab02.csproj", "{1E8EDB47-EFDA-4354-8992-6E5A8A7FEE8F}"
EndProject
Global
	GlobalSection(SolutionConfigurationPlatforms) = preSolution
		Debug|Any CPU = Debug|Any CPU
		Release|Any CPU = Release|Any CPU
	EndGlobalSection
	GlobalSection(ProjectConfigurationPlatforms) = postSolution
		{1E8EDB47-EFDA-4354-8992-6E5A8A7FEE8F}.Debug|Any CPU.ActiveCfg = Debug|Any CPU
		{1E8EDB47-EFDA-4354-8992-6E5A8A7FEE8F}.Debug|Any CPU.Build.0 = Debug|Any CPU
		{1E8EDB47-EFDA-4354-8992-6E5A8A7FEE8F}.Release|Any CPU.ActiveCfg = Release|Any CPU
		{1E8EDB47-EFDA-4354-8992-6E5A8A7FEE8F}.Release|Any CPU.Build.0 = Release|Any CPU
	EndGlobalSection
	GlobalSection(SolutionProperties) = preSolution
		HideSolutionNode = FALSE
	EndGlobalSection
	GlobalSection(ExtensibilityGlobals) = postSolution
		SolutionGuid = {4CE2BD11-A5BC-4129-A853-999A6DB8CF44}
	EndGlobalSection
EndGlobal
